
Microsoft Visual Studio Solution File, Format Version 12.00
# Visual Studio Version 16
VisualStudioVersion = 16.0.30320.27
MinimumVisualStudioVersion = 10.0.40219.1
Project("{FAE04EC0-301F-11D3-BF4B-00C04F79EFBC}") = "Entities", "Entities\Entities.csproj", "{2E0A1750-6B51-4C67-AAE8-AB10A0E494B0}"
EndProject
Project("{FAE04EC0-301F-11D3-BF4B-00C04F79EFBC}") = "DataAccess", "DataAccess\DataAccess.csproj", "{476C1D00-7F42-4344-AD70-3D29A19A4EC9}"
EndProject
Project("{FAE04EC0-301F-11D3-BF4B-00C04F79EFBC}") = "Business", "Business\Business.csproj", "{5CD1D463-EAFE-4857-9E14-C5CCE2ECD0FD}"
EndProject
Project("{FAE04EC0-301F-11D3-BF4B-00C04F79EFBC}") = "Core", "Core\Core.csproj", "{A6F1A780-A674-4D77-B747-9D9F6C2FFBD8}"
EndProject
Project("{FAE04EC0-301F-11D3-BF4B-00C04F79EFBC}") = "ConsoleUI", "ConsoleUI\ConsoleUI.csproj", "{AA835987-6014-4948-BC50-E50A79C66E9E}"
EndProject
Global
	GlobalSection(SolutionConfigurationPlatforms) = preSolution
		Debug|Any CPU = Debug|Any CPU
		Release|Any CPU = Release|Any CPU
	EndGlobalSection
	GlobalSection(ProjectConfigurationPlatforms) = postSolution
		{2E0A1750-6B51-4C67-AAE8-AB10A0E494B0}.Debug|Any CPU.ActiveCfg = Debug|Any CPU
		{2E0A1750-6B51-4C67-AAE8-AB10A0E494B0}.Debug|Any CPU.Build.0 = Debug|Any CPU
		{2E0A1750-6B51-4C67-AAE8-AB10A0E494B0}.Release|Any CPU.ActiveCfg = Release|Any CPU
		{2E0A1750-6B51-4C67-AAE8-AB10A0E494B0}.Release|Any CPU.Build.0 = Release|Any CPU
		{476C1D00-7F42-4344-AD70-3D29A19A4EC9}.Debug|Any CPU.ActiveCfg = Debug|Any CPU
		{476C1D00-7F42-4344-AD70-3D29A19A4EC9}.Debug|Any CPU.Build.0 = Debug|Any CPU
		{476C1D00-7F42-4344-AD70-3D29A19A4EC9}.Release|Any CPU.ActiveCfg = Release|Any CPU
		{476C1D00-7F42-4344-AD70-3D29A19A4EC9}.Release|Any CPU.Build.0 = Release|Any CPU
		{5CD1D463-EAFE-4857-9E14-C5CCE2ECD0FD}.Debug|Any CPU.ActiveCfg = Debug|Any CPU
		{5CD1D463-EAFE-4857-9E14-C5CCE2ECD0FD}.Debug|Any CPU.Build.0 = Debug|Any CPU
		{5CD1D463-EAFE-4857-9E14-C5CCE2ECD0FD}.Release|Any CPU.ActiveCfg = Release|Any CPU
		{5CD1D463-EAFE-4857-9E14-C5CCE2ECD0FD}.Release|Any CPU.Build.0 = Release|Any CPU
		{A6F1A780-A674-4D77-B747-9D9F6C2FFBD8}.Debug|Any CPU.ActiveCfg = Debug|Any CPU
		{A6F1A780-A674-4D77-B747-9D9F6C2FFBD8}.Debug|Any CPU.Build.0 = Debug|Any CPU
		{A6F1A780-A674-4D77-B747-9D9F6C2FFBD8}.Release|Any CPU.ActiveCfg = Release|Any CPU
		{A6F1A780-A674-4D77-B747-9D9F6C2FFBD8}.Release|Any CPU.Build.0 = Release|Any CPU
		{AA835987-6014-4948-BC50-E50A79C66E9E}.Debug|Any CPU.ActiveCfg = Debug|Any CPU
		{AA835987-6014-4948-BC50-E50A79C66E9E}.Debug|Any CPU.Build.0 = Debug|Any CPU
		{AA835987-6014-4948-BC50-E50A79C66E9E}.Release|Any CPU.ActiveCfg = Release|Any CPU
		{AA835987-6014-4948-BC50-E50A79C66E9E}.Release|Any CPU.Build.0 = Release|Any CPU
	EndGlobalSection
	GlobalSection(SolutionProperties) = preSolution
		HideSolutionNode = FALSE
	EndGlobalSection
	GlobalSection(ExtensibilityGlobals) = postSolution
		SolutionGuid = {69B03FB3-5A18-4B0F-93B3-10518AFFC998}
	EndGlobalSection
EndGlobal
